
Microsoft Visual Studio Solution File, Format Version 12.00
# Visual Studio 15
VisualStudioVersion = 15.0.27130.2027
MinimumVisualStudioVersion = 10.0.40219.1
Project("{8BC9CEB8-8B4A-11D0-8D11-00A0C91BC942}") = "Clase_6", "Clase_6\Clase_6.vcxproj", "{60F6C2A5-D1AD-4EE3-A50E-0AFD66DB3C0A}"
EndProject
Global
	GlobalSection(SolutionConfigurationPlatforms) = preSolution
		Debug|x64 = Debug|x64
		Debug|x86 = Debug|x86
		Release|x64 = Release|x64
		Release|x86 = Release|x86
	EndGlobalSection
	GlobalSection(ProjectConfigurationPlatforms) = postSolution
		{60F6C2A5-D1AD-4EE3-A50E-0AFD66DB3C0A}.Debug|x64.ActiveCfg = Debug|x64
		{60F6C2A5-D1AD-4EE3-A50E-0AFD66DB3C0A}.Debug|x64.Build.0 = Debug|x64
		{60F6C2A5-D1AD-4EE3-A50E-0AFD66DB3C0A}.Debug|x86.ActiveCfg = Debug|Win32
		{60F6C2A5-D1AD-4EE3-A50E-0AFD66DB3C0A}.Debug|x86.Build.0 = Debug|Win32
		{60F6C2A5-D1AD-4EE3-A50E-0AFD66DB3C0A}.Release|x64.ActiveCfg = Release|x64
		{60F6C2A5-D1AD-4EE3-A50E-0AFD66DB3C0A}.Release|x64.Build.0 = Release|x64
		{60F6C2A5-D1AD-4EE3-A50E-0AFD66DB3C0A}.Release|x86.ActiveCfg = Release|Win32
		{60F6C2A5-D1AD-4EE3-A50E-0AFD66DB3C0A}.Release|x86.Build.0 = Release|Win32
	EndGlobalSection
	GlobalSection(SolutionProperties) = preSolution
		HideSolutionNode = FALSE
	EndGlobalSection
	GlobalSection(ExtensibilityGlobals) = postSolution
		SolutionGuid = {FC075D59-EED2-4AC7-9E29-6287932DAE6C}
	EndGlobalSection
EndGlobal
